
Microsoft Visual Studio Solution File, Format Version 12.00
# Visual Studio 15
VisualStudioVersion = 15.0.27703.2018
MinimumVisualStudioVersion = 10.0.40219.1
Project("{F184B08F-C81C-45F6-A57F-5ABD9991F28F}") = "HS_DC_CalcTool_webapp", "HS_DC_CalcTool_webapp\HS_DC_CalcTool_webapp.vbproj", "{8348BED3-F67E-4F3A-A9E7-6B6EC7969E46}"
EndProject
Project("{F184B08F-C81C-45F6-A57F-5ABD9991F28F}") = "HS_DC_CalcTool_webappWeb", "HS_DC_CalcTool_webappWeb\HS_DC_CalcTool_webappWeb.vbproj", "{AEDA50BA-FE51-4BB8-8D04-2C47719E6988}"
EndProject
Global
	GlobalSection(SolutionConfigurationPlatforms) = preSolution
		Debug|Any CPU = Debug|Any CPU
		Release|Any CPU = Release|Any CPU
	EndGlobalSection
	GlobalSection(ProjectConfigurationPlatforms) = postSolution
		{8348BED3-F67E-4F3A-A9E7-6B6EC7969E46}.Debug|Any CPU.ActiveCfg = Debug|Any CPU
		{8348BED3-F67E-4F3A-A9E7-6B6EC7969E46}.Debug|Any CPU.Build.0 = Debug|Any CPU
		{8348BED3-F67E-4F3A-A9E7-6B6EC7969E46}.Debug|Any CPU.Deploy.0 = Debug|Any CPU
		{8348BED3-F67E-4F3A-A9E7-6B6EC7969E46}.Release|Any CPU.ActiveCfg = Release|Any CPU
		{8348BED3-F67E-4F3A-A9E7-6B6EC7969E46}.Release|Any CPU.Build.0 = Release|Any CPU
		{8348BED3-F67E-4F3A-A9E7-6B6EC7969E46}.Release|Any CPU.Deploy.0 = Release|Any CPU
		{AEDA50BA-FE51-4BB8-8D04-2C47719E6988}.Debug|Any CPU.ActiveCfg = Debug|Any CPU
		{AEDA50BA-FE51-4BB8-8D04-2C47719E6988}.Debug|Any CPU.Build.0 = Debug|Any CPU
		{AEDA50BA-FE51-4BB8-8D04-2C47719E6988}.Release|Any CPU.ActiveCfg = Release|Any CPU
		{AEDA50BA-FE51-4BB8-8D04-2C47719E6988}.Release|Any CPU.Build.0 = Release|Any CPU
	EndGlobalSection
	GlobalSection(SolutionProperties) = preSolution
		HideSolutionNode = FALSE
	EndGlobalSection
	GlobalSection(ExtensibilityGlobals) = postSolution
		SolutionGuid = {FE1A0A2E-7691-41B6-A318-DC50A6D425DA}
	EndGlobalSection
EndGlobal
